
Microsoft Visual Studio Solution File, Format Version 12.00
# Visual Studio Version 17
VisualStudioVersion = 17.4.33122.133
MinimumVisualStudioVersion = 10.0.40219.1
Project("{FAE04EC0-301F-11D3-BF4B-00C04F79EFBC}") = "Tamagochi", "Tamagochi\Tamagochi.csproj", "{30AC13D9-73EF-4C34-AB40-2989A9C9B886}"
EndProject
Global
	GlobalSection(SolutionConfigurationPlatforms) = preSolution
		Debug|Any CPU = Debug|Any CPU
		Release|Any CPU = Release|Any CPU
	EndGlobalSection
	GlobalSection(ProjectConfigurationPlatforms) = postSolution
		{30AC13D9-73EF-4C34-AB40-2989A9C9B886}.Debug|Any CPU.ActiveCfg = Debug|Any CPU
		{30AC13D9-73EF-4C34-AB40-2989A9C9B886}.Debug|Any CPU.Build.0 = Debug|Any CPU
		{30AC13D9-73EF-4C34-AB40-2989A9C9B886}.Release|Any CPU.ActiveCfg = Release|Any CPU
		{30AC13D9-73EF-4C34-AB40-2989A9C9B886}.Release|Any CPU.Build.0 = Release|Any CPU
	EndGlobalSection
	GlobalSection(SolutionProperties) = preSolution
		HideSolutionNode = FALSE
	EndGlobalSection
	GlobalSection(ExtensibilityGlobals) = postSolution
		SolutionGuid = {F26BC3E2-3EC7-418F-8E36-E08DDB1A9014}
	EndGlobalSection
EndGlobal
